// !$*UTF8*$!
{
	archiveVersion = 1;
	classes = {
	};
	objectVersion = 46;
	objects = {

/* Begin PBXBuildFile section */
		6AE8AA6F1D1109C90059578E /* mail.png in Resources */ = {isa = PBXBuildFile; fileRef = 6AE8AA6D1D1109C90059578E /* mail.png */; };
		6AE8AA701D1109C90059578E /* mail@2x.png in Resources */ = {isa = PBXBuildFile; fileRef = 6AE8AA6E1D1109C90059578E /* mail@2x.png */; };
		6AE8AA731D110A0C0059578E /* gift.png in Resources */ = {isa = PBXBuildFile; fileRef = 6AE8AA711D110A0C0059578E /* gift.png */; };
		6AE8AA741D110A0C0059578E /* gift@2x.png in Resources */ = {isa = PBXBuildFile; fileRef = 6AE8AA721D110A0C0059578E /* gift@2x.png */; };
		6AE8AA771D110A4C0059578E /* share.png in Resources */ = {isa = PBXBuildFile; fileRef = 6AE8AA751D110A4C0059578E /* share.png */; };
		6AE8AA781D110A4C0059578E /* share@2x.png in Resources */ = {isa = PBXBuildFile; fileRef = 6AE8AA761D110A4C0059578E /* share@2x.png */; };
		6AE8AA7B1D110AB30059578E /* camera.png in Resources */ = {isa = PBXBuildFile; fileRef = 6AE8AA791D110AB30059578E /* camera.png */; };
		6AE8AA7C1D110AB30059578E /* camera@2x.png in Resources */ = {isa = PBXBuildFile; fileRef = 6AE8AA7A1D110AB30059578E /* camera@2x.png */; };
		CF15AAAA1D0B99A500E1ED41 /* AppDelegate.swift in Sources */ = {isa = PBXBuildFile; fileRef = CF15AAA91D0B99A500E1ED41 /* AppDelegate.swift */; };
		CF15AAAC1D0B99A500E1ED41 /* ViewController.swift in Sources */ = {isa = PBXBuildFile; fileRef = CF15AAAB1D0B99A500E1ED41 /* ViewController.swift */; };
		CF15AAAF1D0B99A500E1ED41 /* Main.storyboard in Resources */ = {isa = PBXBuildFile; fileRef = CF15AAAD1D0B99A500E1ED41 /* Main.storyboard */; };
		CF15AAB11D0B99A500E1ED41 /* Assets.xcassets in Resources */ = {isa = PBXBuildFile; fileRef = CF15AAB01D0B99A500E1ED41 /* Assets.xcassets */; };
		CF15AAB41D0B99A500E1ED41 /* LaunchScreen.storyboard in Resources */ = {isa = PBXBuildFile; fileRef = CF15AAB21D0B99A500E1ED41 /* LaunchScreen.storyboard */; };
		CF15AABF1D0B99A500E1ED41 /* CustomActiosheetTests.swift in Sources */ = {isa = PBXBuildFile; fileRef = CF15AABE1D0B99A500E1ED41 /* CustomActiosheetTests.swift */; };
		CF15AACA1D0B99A500E1ED41 /* CustomActiosheetUITests.swift in Sources */ = {isa = PBXBuildFile; fileRef = CF15AAC91D0B99A500E1ED41 /* CustomActiosheetUITests.swift */; };
		CF15AAD91D0B9A7A00E1ED41 /* ContextItem.swift in Sources */ = {isa = PBXBuildFile; fileRef = CF15AAD81D0B9A7A00E1ED41 /* ContextItem.swift */; };
		CF15AADB1D0B9BA500E1ED41 /* Context.swift in Sources */ = {isa = PBXBuildFile; fileRef = CF15AADA1D0B9BA500E1ED41 /* Context.swift */; };
		CF7C53491D0BE10500C3053D /* ContextItemView.swift in Sources */ = {isa = PBXBuildFile; fileRef = CF7C53481D0BE10500C3053D /* ContextItemView.swift */; };
/* End PBXBuildFile section */

/* Begin PBXContainerItemProxy section */
		CF15AABB1D0B99A500E1ED41 /* PBXContainerItemProxy */ = {
			isa = PBXContainerItemProxy;
			containerPortal = CF15AA9E1D0B99A500E1ED41 /* Project object */;
			proxyType = 1;
			remoteGlobalIDString = CF15AAA51D0B99A500E1ED41;
			remoteInfo = CustomActiosheet;
		};
		CF15AAC61D0B99A500E1ED41 /* PBXContainerItemProxy */ = {
			isa = PBXContainerItemProxy;
			containerPortal = CF15AA9E1D0B99A500E1ED41 /* Project object */;
			proxyType = 1;
			remoteGlobalIDString = CF15AAA51D0B99A500E1ED41;
			remoteInfo = CustomActiosheet;
		};
/* End PBXContainerItemProxy section */

/* Begin PBXFileReference section */
		6AE8AA6D1D1109C90059578E /* mail.png */ = {isa = PBXFileReference; lastKnownFileType = image.png; path = mail.png; sourceTree = "<group>"; };
		6AE8AA6E1D1109C90059578E /* mail@2x.png */ = {isa = PBXFileReference; lastKnownFileType = image.png; path = "mail@2x.png"; sourceTree = "<group>"; };
		6AE8AA711D110A0C0059578E /* gift.png */ = {isa = PBXFileReference; lastKnownFileType = image.png; path = gift.png; sourceTree = "<group>"; };
		6AE8AA721D110A0C0059578E /* gift@2x.png */ = {isa = PBXFileReference; lastKnownFileType = image.png; path = "gift@2x.png"; sourceTree = "<group>"; };
		6AE8AA751D110A4C0059578E /* share.png */ = {isa = PBXFileReference; lastKnownFileType = image.png; path = share.png; sourceTree = "<group>"; };
		6AE8AA761D110A4C0059578E /* share@2x.png */ = {isa = PBXFileReference; lastKnownFileType = image.png; path = "share@2x.png"; sourceTree = "<group>"; };
		6AE8AA791D110AB30059578E /* camera.png */ = {isa = PBXFileReference; lastKnownFileType = image.png; path = camera.png; sourceTree = "<group>"; };
		6AE8AA7A1D110AB30059578E /* camera@2x.png */ = {isa = PBXFileReference; lastKnownFileType = image.png; path = "camera@2x.png"; sourceTree = "<group>"; };
		CF15AAA61D0B99A500E1ED41 /* CustomActiosheet.app */ = {isa = PBXFileReference; explicitFileType = wrapper.application; includeInIndex = 0; path = CustomActiosheet.app; sourceTree = BUILT_PRODUCTS_DIR; };
		CF15AAA91D0B99A500E1ED41 /* AppDelegate.swift */ = {isa = PBXFileReference; lastKnownFileType = sourcecode.swift; path = AppDelegate.swift; sourceTree = "<group>"; };
		CF15AAAB1D0B99A500E1ED41 /* ViewController.swift */ = {isa = PBXFileReference; lastKnownFileType = sourcecode.swift; path = ViewController.swift; sourceTree = "<group>"; };
		CF15AAAE1D0B99A500E1ED41 /* Base */ = {isa = PBXFileReference; lastKnownFileType = file.storyboard; name = Base; path = Base.lproj/Main.storyboard; sourceTree = "<group>"; };
		CF15AAB01D0B99A500E1ED41 /* Assets.xcassets */ = {isa = PBXFileReference; lastKnownFileType = folder.assetcatalog; path = Assets.xcassets; sourceTree = "<group>"; };
		CF15AAB31D0B99A500E1ED41 /* Base */ = {isa = PBXFileReference; lastKnownFileType = file.storyboard; name = Base; path = Base.lproj/LaunchScreen.storyboard; sourceTree = "<group>"; };
		CF15AAB51D0B99A500E1ED41 /* Info.plist */ = {isa = PBXFileReference; lastKnownFileType = text.plist.xml; path = Info.plist; sourceTree = "<group>"; };
		CF15AABA1D0B99A500E1ED41 /* CustomActiosheetTests.xctest */ = {isa = PBXFileReference; explicitFileType = wrapper.cfbundle; includeInIndex = 0; path = CustomActiosheetTests.xctest; sourceTree = BUILT_PRODUCTS_DIR; };
		CF15AABE1D0B99A500E1ED41 /* CustomActiosheetTests.swift */ = {isa = PBXFileReference; lastKnownFileType = sourcecode.swift; path = CustomActiosheetTests.swift; sourceTree = "<group>"; };
		CF15AAC01D0B99A500E1ED41 /* Info.plist */ = {isa = PBXFileReference; lastKnownFileType = text.plist.xml; path = Info.plist; sourceTree = "<group>"; };
		CF15AAC51D0B99A500E1ED41 /* CustomActiosheetUITests.xctest */ = {isa = PBXFileReference; explicitFileType = wrapper.cfbundle; includeInIndex = 0; path = CustomActiosheetUITests.xctest; sourceTree = BUILT_PRODUCTS_DIR; };
		CF15AAC91D0B99A500E1ED41 /* CustomActiosheetUITests.swift */ = {isa = PBXFileReference; lastKnownFileType = sourcecode.swift; path = CustomActiosheetUITests.swift; sourceTree = "<group>"; };
		CF15AACB1D0B99A500E1ED41 /* Info.plist */ = {isa = PBXFileReference; lastKnownFileType = text.plist.xml; path = Info.plist; sourceTree = "<group>"; };
		CF15AAD81D0B9A7A00E1ED41 /* ContextItem.swift */ = {isa = PBXFileReference; fileEncoding = 4; lastKnownFileType = sourcecode.swift; path = ContextItem.swift; sourceTree = "<group>"; };
		CF15AADA1D0B9BA500E1ED41 /* Context.swift */ = {isa = PBXFileReference; fileEncoding = 4; lastKnownFileType = sourcecode.swift; path = Context.swift; sourceTree = "<group>"; };
		CF7C53481D0BE10500C3053D /* ContextItemView.swift */ = {isa = PBXFileReference; fileEncoding = 4; lastKnownFileType = sourcecode.swift; path = ContextItemView.swift; sourceTree = "<group>"; };
/* End PBXFileReference section */

/* Begin PBXFrameworksBuildPhase section */
		CF15AAA31D0B99A500E1ED41 /* Frameworks */ = {
			isa = PBXFrameworksBuildPhase;
			buildActionMask = 2147483647;
			files = (
			);
			runOnlyForDeploymentPostprocessing = 0;
		};
		CF15AAB71D0B99A500E1ED41 /* Frameworks */ = {
			isa = PBXFrameworksBuildPhase;
			buildActionMask = 2147483647;
			files = (
			);
			runOnlyForDeploymentPostprocessing = 0;
		};
		CF15AAC21D0B99A500E1ED41 /* Frameworks */ = {
			isa = PBXFrameworksBuildPhase;
			buildActionMask = 2147483647;
			files = (
			);
			runOnlyForDeploymentPostprocessing = 0;
		};
/* End PBXFrameworksBuildPhase section */

/* Begin PBXGroup section */
		CF15AA9D1D0B99A500E1ED41 = {
			isa = PBXGroup;
			children = (
				CF15AAA81D0B99A500E1ED41 /* CustomActiosheet */,
				CF15AABD1D0B99A500E1ED41 /* CustomActiosheetTests */,
				CF15AAC81D0B99A500E1ED41 /* CustomActiosheetUITests */,
				CF15AAA71D0B99A500E1ED41 /* Products */,
			);
			sourceTree = "<group>";
		};
		CF15AAA71D0B99A500E1ED41 /* Products */ = {
			isa = PBXGroup;
			children = (
				CF15AAA61D0B99A500E1ED41 /* CustomActiosheet.app */,
				CF15AABA1D0B99A500E1ED41 /* CustomActiosheetTests.xctest */,
				CF15AAC51D0B99A500E1ED41 /* CustomActiosheetUITests.xctest */,
			);
			name = Products;
			sourceTree = "<group>";
		};
		CF15AAA81D0B99A500E1ED41 /* CustomActiosheet */ = {
			isa = PBXGroup;
			children = (
				CF15AAD71D0B9A4D00E1ED41 /* Context */,
				CF15AAA91D0B99A500E1ED41 /* AppDelegate.swift */,
				CF15AAAB1D0B99A500E1ED41 /* ViewController.swift */,
				CF15AAAD1D0B99A500E1ED41 /* Main.storyboard */,
				CF15AAB01D0B99A500E1ED41 /* Assets.xcassets */,
				CF15AAB21D0B99A500E1ED41 /* LaunchScreen.storyboard */,
				CF15AAB51D0B99A500E1ED41 /* Info.plist */,
			);
			path = CustomActiosheet;
			sourceTree = "<group>";
		};
		CF15AABD1D0B99A500E1ED41 /* CustomActiosheetTests */ = {
			isa = PBXGroup;
			children = (
				CF15AABE1D0B99A500E1ED41 /* CustomActiosheetTests.swift */,
				CF15AAC01D0B99A500E1ED41 /* Info.plist */,
			);
			path = CustomActiosheetTests;
			sourceTree = "<group>";
		};
		CF15AAC81D0B99A500E1ED41 /* CustomActiosheetUITests */ = {
			isa = PBXGroup;
			children = (
				CF15AAC91D0B99A500E1ED41 /* CustomActiosheetUITests.swift */,
				CF15AACB1D0B99A500E1ED41 /* Info.plist */,
			);
			path = CustomActiosheetUITests;
			sourceTree = "<group>";
		};
		CF15AAD71D0B9A4D00E1ED41 /* Context */ = {
			isa = PBXGroup;
			children = (
				CF15AADC1D0B9C5D00E1ED41 /* Images */,
				CF15AAD81D0B9A7A00E1ED41 /* ContextItem.swift */,
				CF15AADA1D0B9BA500E1ED41 /* Context.swift */,
				CF7C53481D0BE10500C3053D /* ContextItemView.swift */,
			);
			name = Context;
			sourceTree = "<group>";
		};
		CF15AADC1D0B9C5D00E1ED41 /* Images */ = {
			isa = PBXGroup;
			children = (
				6AE8AA6D1D1109C90059578E /* mail.png */,
				6AE8AA6E1D1109C90059578E /* mail@2x.png */,
				6AE8AA711D110A0C0059578E /* gift.png */,
				6AE8AA721D110A0C0059578E /* gift@2x.png */,
				6AE8AA751D110A4C0059578E /* share.png */,
				6AE8AA761D110A4C0059578E /* share@2x.png */,
				6AE8AA791D110AB30059578E /* camera.png */,
				6AE8AA7A1D110AB30059578E /* camera@2x.png */,
			);
			name = Images;
			sourceTree = "<group>";
		};
/* End PBXGroup section */

/* Begin PBXNativeTarget section */
		CF15AAA51D0B99A500E1ED41 /* CustomActiosheet */ = {
			isa = PBXNativeTarget;
			buildConfigurationList = CF15AACE1D0B99A500E1ED41 /* Build configuration list for PBXNativeTarget "CustomActiosheet" */;
			buildPhases = (
				CF15AAA21D0B99A500E1ED41 /* Sources */,
				CF15AAA31D0B99A500E1ED41 /* Frameworks */,
				CF15AAA41D0B99A500E1ED41 /* Resources */,
			);
			buildRules = (
			);
			dependencies = (
			);
			name = CustomActiosheet;
			productName = CustomActiosheet;
			productReference = CF15AAA61D0B99A500E1ED41 /* CustomActiosheet.app */;
			productType = "com.apple.product-type.application";
		};
		CF15AAB91D0B99A500E1ED41 /* CustomActiosheetTests */ = {
			isa = PBXNativeTarget;
			buildConfigurationList = CF15AAD11D0B99A500E1ED41 /* Build configuration list for PBXNativeTarget "CustomActiosheetTests" */;
			buildPhases = (
				CF15AAB61D0B99A500E1ED41 /* Sources */,
				CF15AAB71D0B99A500E1ED41 /* Frameworks */,
				CF15AAB81D0B99A500E1ED41 /* Resources */,
			);
			buildRules = (
			);
			dependencies = (
				CF15AABC1D0B99A500E1ED41 /* PBXTargetDependency */,
			);
			name = CustomActiosheetTests;
			productName = CustomActiosheetTests;
			productReference = CF15AABA1D0B99A500E1ED41 /* CustomActiosheetTests.xctest */;
			productType = "com.apple.product-type.bundle.unit-test";
		};
		CF15AAC41D0B99A500E1ED41 /* CustomActiosheetUITests */ = {
			isa = PBXNativeTarget;
			buildConfigurationList = CF15AAD41D0B99A500E1ED41 /* Build configuration list for PBXNativeTarget "CustomActiosheetUITests" */;
			buildPhases = (
				CF15AAC11D0B99A500E1ED41 /* Sources */,
				CF15AAC21D0B99A500E1ED41 /* Frameworks */,
				CF15AAC31D0B99A500E1ED41 /* Resources */,
			);
			buildRules = (
			);
			dependencies = (
				CF15AAC71D0B99A500E1ED41 /* PBXTargetDependency */,
			);
			name = CustomActiosheetUITests;
			productName = CustomActiosheetUITests;
			productReference = CF15AAC51D0B99A500E1ED41 /* CustomActiosheetUITests.xctest */;
			productType = "com.apple.product-type.bundle.ui-testing";
		};
/* End PBXNativeTarget section */

/* Begin PBXProject section */
		CF15AA9E1D0B99A500E1ED41 /* Project object */ = {
			isa = PBXProject;
			attributes = {
				LastSwiftUpdateCheck = 0730;
				LastUpgradeCheck = 0730;
				ORGANIZATIONNAME = "Ashwin Shrestha";
				TargetAttributes = {
					CF15AAA51D0B99A500E1ED41 = {
						CreatedOnToolsVersion = 7.3;
					};
					CF15AAB91D0B99A500E1ED41 = {
						CreatedOnToolsVersion = 7.3;
						TestTargetID = CF15AAA51D0B99A500E1ED41;
					};
					CF15AAC41D0B99A500E1ED41 = {
						CreatedOnToolsVersion = 7.3;
						TestTargetID = CF15AAA51D0B99A500E1ED41;
					};
				};
			};
			buildConfigurationList = CF15AAA11D0B99A500E1ED41 /* Build configuration list for PBXProject "CustomActiosheet" */;
			compatibilityVersion = "Xcode 3.2";
			developmentRegion = English;
			hasScannedForEncodings = 0;
			knownRegions = (
				en,
				Base,
			);
			mainGroup = CF15AA9D1D0B99A500E1ED41;
			productRefGroup = CF15AAA71D0B99A500E1ED41 /* Products */;
			projectDirPath = "";
			projectRoot = "";
			targets = (
				CF15AAA51D0B99A500E1ED41 /* CustomActiosheet */,
				CF15AAB91D0B99A500E1ED41 /* CustomActiosheetTests */,
				CF15AAC41D0B99A500E1ED41 /* CustomActiosheetUITests */,
			);
		};
/* End PBXProject section */

/* Begin PBXResourcesBuildPhase section */
		CF15AAA41D0B99A500E1ED41 /* Resources */ = {
			isa = PBXResourcesBuildPhase;
			buildActionMask = 2147483647;
			files = (
				6AE8AA7C1D110AB30059578E /* camera@2x.png in Resources */,
				CF15AAB41D0B99A500E1ED41 /* LaunchScreen.storyboard in Resources */,
				CF15AAB11D0B99A500E1ED41 /* Assets.xcassets in Resources */,
				6AE8AA781D110A4C0059578E /* share@2x.png in Resources */,
				6AE8AA6F1D1109C90059578E /* mail.png in Resources */,
				6AE8AA7B1D110AB30059578E /* camera.png in Resources */,
				6AE8AA701D1109C90059578E /* mail@2x.png in Resources */,
				6AE8AA741D110A0C0059578E /* gift@2x.png in Resources */,
				CF15AAAF1D0B99A500E1ED41 /* Main.storyboard in Resources */,
				6AE8AA731D110A0C0059578E /* gift.png in Resources */,
				6AE8AA771D110A4C0059578E /* share.png in Resources */,
			);
			runOnlyForDeploymentPostprocessing = 0;
		};
		CF15AAB81D0B99A500E1ED41 /* Resources */ = {
			isa = PBXResourcesBuildPhase;
			buildActionMask = 2147483647;
			files = (
			);
			runOnlyForDeploymentPostprocessing = 0;
		};
		CF15AAC31D0B99A500E1ED41 /* Resources */ = {
			isa = PBXResourcesBuildPhase;
			buildActionMask = 2147483647;
			files = (
			);
			runOnlyForDeploymentPostprocessing = 0;
		};
/* End PBXResourcesBuildPhase section */

/* Begin PBXSourcesBuildPhase section */
		CF15AAA21D0B99A500E1ED41 /* Sources */ = {
			isa = PBXSourcesBuildPhase;
			buildActionMask = 2147483647;
			files = (
				CF7C53491D0BE10500C3053D /* ContextItemView.swift in Sources */,
				CF15AAAC1D0B99A500E1ED41 /* ViewController.swift in Sources */,
				CF15AADB1D0B9BA500E1ED41 /* Context.swift in Sources */,
				CF15AAD91D0B9A7A00E1ED41 /* ContextItem.swift in Sources */,
				CF15AAAA1D0B99A500E1ED41 /* AppDelegate.swift in Sources */,
			);
			runOnlyForDeploymentPostprocessing = 0;
		};
		CF15AAB61D0B99A500E1ED41 /* Sources */ = {
			isa = PBXSourcesBuildPhase;
			buildActionMask = 2147483647;
			files = (
				CF15AABF1D0B99A500E1ED41 /* CustomActiosheetTests.swift in Sources */,
			);
			runOnlyForDeploymentPostprocessing = 0;
		};
		CF15AAC11D0B99A500E1ED41 /* Sources */ = {
			isa = PBXSourcesBuildPhase;
			buildActionMask = 2147483647;
			files = (
				CF15AACA1D0B99A500E1ED41 /* CustomActiosheetUITests.swift in Sources */,
			);
			runOnlyForDeploymentPostprocessing = 0;
		};
/* End PBXSourcesBuildPhase section */

/* Begin PBXTargetDependency section */
		CF15AABC1D0B99A500E1ED41 /* PBXTargetDependency */ = {
			isa = PBXTargetDependency;
			target = CF15AAA51D0B99A500E1ED41 /* CustomActiosheet */;
			targetProxy = CF15AABB1D0B99A500E1ED41 /* PBXContainerItemProxy */;
		};
		CF15AAC71D0B99A500E1ED41 /* PBXTargetDependency */ = {
			isa = PBXTargetDependency;
			target = CF15AAA51D0B99A500E1ED41 /* CustomActiosheet */;
			targetProxy = CF15AAC61D0B99A500E1ED41 /* PBXContainerItemProxy */;
		};
/* End PBXTargetDependency section */

/* Begin PBXVariantGroup section */
		CF15AAAD1D0B99A500E1ED41 /* Main.storyboard */ = {
			isa = PBXVariantGroup;
			children = (
				CF15AAAE1D0B99A500E1ED41 /* Base */,
			);
			name = Main.storyboard;
			sourceTree = "<group>";
		};
		CF15AAB21D0B99A500E1ED41 /* LaunchScreen.storyboard */ = {
			isa = PBXVariantGroup;
			children = (
				CF15AAB31D0B99A500E1ED41 /* Base */,
			);
			name = LaunchScreen.storyboard;
			sourceTree = "<group>";
		};
/* End PBXVariantGroup section */

/* Begin XCBuildConfiguration section */
		CF15AACC1D0B99A500E1ED41 /* Debug */ = {
			isa = XCBuildConfiguration;
			buildSettings = {
				ALWAYS_SEARCH_USER_PATHS = NO;
				CLANG_ANALYZER_NONNULL = YES;
				CLANG_CXX_LANGUAGE_STANDARD = "gnu++0x";
				CLANG_CXX_LIBRARY = "libc++";
				CLANG_ENABLE_MODULES = YES;
				CLANG_ENABLE_OBJC_ARC = YES;
				CLANG_WARN_BOOL_CONVERSION = YES;
				CLANG_WARN_CONSTANT_CONVERSION = YES;
				CLANG_WARN_DIRECT_OBJC_ISA_USAGE = YES_ERROR;
				CLANG_WARN_EMPTY_BODY = YES;
				CLANG_WARN_ENUM_CONVERSION = YES;
				CLANG_WARN_INT_CONVERSION = YES;
				CLANG_WARN_OBJC_ROOT_CLASS = YES_ERROR;
				CLANG_WARN_UNREACHABLE_CODE = YES;
				CLANG_WARN__DUPLICATE_METHOD_MATCH = YES;
				"CODE_SIGN_IDENTITY[sdk=iphoneos*]" = "iPhone Developer";
				COPY_PHASE_STRIP = NO;
				DEBUG_INFORMATION_FORMAT = dwarf;
				ENABLE_STRICT_OBJC_MSGSEND = YES;
				ENABLE_TESTABILITY = YES;
				GCC_C_LANGUAGE_STANDARD = gnu99;
				GCC_DYNAMIC_NO_PIC = NO;
				GCC_NO_COMMON_BLOCKS = YES;
				GCC_OPTIMIZATION_LEVEL = 0;
				GCC_PREPROCESSOR_DEFINITIONS = (
					"DEBUG=1",
					"$(inherited)",
				);
				GCC_WARN_64_TO_32_BIT_CONVERSION = YES;
				GCC_WARN_ABOUT_RETURN_TYPE = YES_ERROR;
				GCC_WARN_UNDECLARED_SELECTOR = YES;
				GCC_WARN_UNINITIALIZED_AUTOS = YES_AGGRESSIVE;
				GCC_WARN_UNUSED_FUNCTION = YES;
				GCC_WARN_UNUSED_VARIABLE = YES;
				IPHONEOS_DEPLOYMENT_TARGET = 9.3;
				MTL_ENABLE_DEBUG_INFO = YES;
				ONLY_ACTIVE_ARCH = YES;
				SDKROOT = iphoneos;
				SWIFT_OPTIMIZATION_LEVEL = "-Onone";
			};
			name = Debug;
		};
		CF15AACD1D0B99A500E1ED41 /* Release */ = {
			isa = XCBuildConfiguration;
			buildSettings = {
				ALWAYS_SEARCH_USER_PATHS = NO;
				CLANG_ANALYZER_NONNULL = YES;
				CLANG_CXX_LANGUAGE_STANDARD = "gnu++0x";
				CLANG_CXX_LIBRARY = "libc++";
				CLANG_ENABLE_MODULES = YES;
				CLANG_ENABLE_OBJC_ARC = YES;
				CLANG_WARN_BOOL_CONVERSION = YES;
				CLANG_WARN_CONSTANT_CONVERSION = YES;
				CLANG_WARN_DIRECT_OBJC_ISA_USAGE = YES_ERROR;
				CLANG_WARN_EMPTY_BODY = YES;
				CLANG_WARN_ENUM_CONVERSION = YES;
				CLANG_WARN_INT_CONVERSION = YES;
				CLANG_WARN_OBJC_ROOT_CLASS = YES_ERROR;
				CLANG_WARN_UNREACHABLE_CODE = YES;
				CLANG_WARN__DUPLICATE_METHOD_MATCH = YES;
				"CODE_SIGN_IDENTITY[sdk=iphoneos*]" = "iPhone Developer";
				COPY_PHASE_STRIP = NO;
				DEBUG_INFORMATION_FORMAT = "dwarf-with-dsym";
				ENABLE_NS_ASSERTIONS = NO;
				ENABLE_STRICT_OBJC_MSGSEND = YES;
				GCC_C_LANGUAGE_STANDARD = gnu99;
				GCC_NO_COMMON_BLOCKS = YES;
				GCC_WARN_64_TO_32_BIT_CONVERSION = YES;
				GCC_WARN_ABOUT_RETURN_TYPE = YES_ERROR;
				GCC_WARN_UNDECLARED_SELECTOR = YES;
				GCC_WARN_UNINITIALIZED_AUTOS = YES_AGGRESSIVE;
				GCC_WARN_UNUSED_FUNCTION = YES;
				GCC_WARN_UNUSED_VARIABLE = YES;
				IPHONEOS_DEPLOYMENT_TARGET = 9.3;
				MTL_ENABLE_DEBUG_INFO = NO;
				SDKROOT = iphoneos;
				VALIDATE_PRODUCT = YES;
			};
			name = Release;
		};
		CF15AACF1D0B99A500E1ED41 /* Debug */ = {
			isa = XCBuildConfiguration;
			buildSettings = {
				ASSETCATALOG_COMPILER_APPICON_NAME = AppIcon;
				INFOPLIST_FILE = CustomActiosheet/Info.plist;
				LD_RUNPATH_SEARCH_PATHS = "$(inherited) @executable_path/Frameworks";
				PRODUCT_BUNDLE_IDENTIFIER = com.ashwin.CustomActiosheet;
				PRODUCT_NAME = "$(TARGET_NAME)";
			};
			name = Debug;
		};
		CF15AAD01D0B99A500E1ED41 /* Release */ = {
			isa = XCBuildConfiguration;
			buildSettings = {
				ASSETCATALOG_COMPILER_APPICON_NAME = AppIcon;
				INFOPLIST_FILE = CustomActiosheet/Info.plist;
				LD_RUNPATH_SEARCH_PATHS = "$(inherited) @executable_path/Frameworks";
				PRODUCT_BUNDLE_IDENTIFIER = com.ashwin.CustomActiosheet;
				PRODUCT_NAME = "$(TARGET_NAME)";
			};
			name = Release;
		};
		CF15AAD21D0B99A500E1ED41 /* Debug */ = {
			isa = XCBuildConfiguration;
			buildSettings = {
				BUNDLE_LOADER = "$(TEST_HOST)";
				INFOPLIST_FILE = CustomActiosheetTests/Info.plist;
				LD_RUNPATH_SEARCH_PATHS = "$(inherited) @executable_path/Frameworks @loader_path/Frameworks";
				PRODUCT_BUNDLE_IDENTIFIER = com.ashwin.CustomActiosheetTests;
				PRODUCT_NAME = "$(TARGET_NAME)";
				TEST_HOST = "$(BUILT_PRODUCTS_DIR)/CustomActiosheet.app/CustomActiosheet";
			};
			name = Debug;
		};
		CF15AAD31D0B99A500E1ED41 /* Release */ = {
			isa = XCBuildConfiguration;
			buildSettings = {
				BUNDLE_LOADER = "$(TEST_HOST)";
				INFOPLIST_FILE = CustomActiosheetTests/Info.plist;
				LD_RUNPATH_SEARCH_PATHS = "$(inherited) @executable_path/Frameworks @loader_path/Frameworks";
				PRODUCT_BUNDLE_IDENTIFIER = com.ashwin.CustomActiosheetTests;
				PRODUCT_NAME = "$(TARGET_NAME)";
				TEST_HOST = "$(BUILT_PRODUCTS_DIR)/CustomActiosheet.app/CustomActiosheet";
			};
			name = Release;
		};
		CF15AAD51D0B99A500E1ED41 /* Debug */ = {
			isa = XCBuildConfiguration;
			buildSettings = {
				INFOPLIST_FILE = CustomActiosheetUITests/Info.plist;
				LD_RUNPATH_SEARCH_PATHS = "$(inherited) @executable_path/Frameworks @loader_path/Frameworks";
				PRODUCT_BUNDLE_IDENTIFIER = com.ashwin.CustomActiosheetUITests;
				PRODUCT_NAME = "$(TARGET_NAME)";
				TEST_TARGET_NAME = CustomActiosheet;
			};
			name = Debug;
		};
		CF15AAD61D0B99A500E1ED41 /* Release */ = {
			isa = XCBuildConfiguration;
			buildSettings = {
				INFOPLIST_FILE = CustomActiosheetUITests/Info.plist;
				LD_RUNPATH_SEARCH_PATHS = "$(inherited) @executable_path/Frameworks @loader_path/Frameworks";
				PRODUCT_BUNDLE_IDENTIFIER = com.ashwin.CustomActiosheetUITests;
				PRODUCT_NAME = "$(TARGET_NAME)";
				TEST_TARGET_NAME = CustomActiosheet;
			};
			name = Release;
		};
/* End XCBuildConfiguration section */

/* Begin XCConfigurationList section */
		CF15AAA11D0B99A500E1ED41 /* Build configuration list for PBXProject "CustomActiosheet" */ = {
			isa = XCConfigurationList;
			buildConfigurations = (
				CF15AACC1D0B99A500E1ED41 /* Debug */,
				CF15AACD1D0B99A500E1ED41 /* Release */,
			);
			defaultConfigurationIsVisible = 0;
			defaultConfigurationName = Release;
		};
		CF15AACE1D0B99A500E1ED41 /* Build configuration list for PBXNativeTarget "CustomActiosheet" */ = {
			isa = XCConfigurationList;
			buildConfigurations = (
				CF15AACF1D0B99A500E1ED41 /* Debug */,
				CF15AAD01D0B99A500E1ED41 /* Release */,
			);
			defaultConfigurationIsVisible = 0;
			defaultConfigurationName = Release;
		};
		CF15AAD11D0B99A500E1ED41 /* Build configuration list for PBXNativeTarget "CustomActiosheetTests" */ = {
			isa = XCConfigurationList;
			buildConfigurations = (
				CF15AAD21D0B99A500E1ED41 /* Debug */,
				CF15AAD31D0B99A500E1ED41 /* Release */,
			);
			defaultConfigurationIsVisible = 0;
			defaultConfigurationName = Release;
		};
		CF15AAD41D0B99A500E1ED41 /* Build configuration list for PBXNativeTarget "CustomActiosheetUITests" */ = {
			isa = XCConfigurationList;
			buildConfigurations = (
				CF15AAD51D0B99A500E1ED41 /* Debug */,
				CF15AAD61D0B99A500E1ED41 /* Release */,
			);
			defaultConfigurationIsVisible = 0;
			defaultConfigurationName = Release;
		};
/* End XCConfigurationList section */
	};
	rootObject = CF15AA9E1D0B99A500E1ED41 /* Project object */;
}
